
Microsoft Visual Studio Solution File, Format Version 12.00
# Visual Studio Version 17
VisualStudioVersion = 17.14.36804.6 d17.14
MinimumVisualStudioVersion = 10.0.40219.1
Project("{FAE04EC0-301F-11D3-BF4B-00C04F79EFBC}") = "AccessModifier", "AccessModifier\AccessModifier.csproj", "{EE9E3D41-431C-4D60-AF09-6BE524C31AA4}"
EndProject
Project("{FAE04EC0-301F-11D3-BF4B-00C04F79EFBC}") = "ScientificCalculator", "ScientificCalculator\ScientificCalculator.csproj", "{A6D7D120-3E66-4165-89E6-DC2F19CBD1C6}"
	ProjectSection(ProjectDependencies) = postProject
		{EE9E3D41-431C-4D60-AF09-6BE524C31AA4} = {EE9E3D41-431C-4D60-AF09-6BE524C31AA4}
	EndProjectSection
EndProject
Global
	GlobalSection(SolutionConfigurationPlatforms) = preSolution
		Debug|Any CPU = Debug|Any CPU
		Release|Any CPU = Release|Any CPU
	EndGlobalSection
	GlobalSection(ProjectConfigurationPlatforms) = postSolution
		{EE9E3D41-431C-4D60-AF09-6BE524C31AA4}.Debug|Any CPU.ActiveCfg = Debug|Any CPU
		{EE9E3D41-431C-4D60-AF09-6BE524C31AA4}.Debug|Any CPU.Build.0 = Debug|Any CPU
		{EE9E3D41-431C-4D60-AF09-6BE524C31AA4}.Release|Any CPU.ActiveCfg = Release|Any CPU
		{EE9E3D41-431C-4D60-AF09-6BE524C31AA4}.Release|Any CPU.Build.0 = Release|Any CPU
		{A6D7D120-3E66-4165-89E6-DC2F19CBD1C6}.Debug|Any CPU.ActiveCfg = Debug|Any CPU
		{A6D7D120-3E66-4165-89E6-DC2F19CBD1C6}.Debug|Any CPU.Build.0 = Debug|Any CPU
		{A6D7D120-3E66-4165-89E6-DC2F19CBD1C6}.Release|Any CPU.ActiveCfg = Release|Any CPU
		{A6D7D120-3E66-4165-89E6-DC2F19CBD1C6}.Release|Any CPU.Build.0 = Release|Any CPU
	EndGlobalSection
	GlobalSection(SolutionProperties) = preSolution
		HideSolutionNode = FALSE
	EndGlobalSection
	GlobalSection(ExtensibilityGlobals) = postSolution
		SolutionGuid = {7C67FE38-4023-44D9-84F3-9406AF997D2D}
	EndGlobalSection
EndGlobal
